
Microsoft Visual Studio Solution File, Format Version 12.00
# Visual Studio Version 16
VisualStudioVersion = 16.0.34729.46
MinimumVisualStudioVersion = 10.0.40219.1
Project("{FAE04EC0-301F-11D3-BF4B-00C04F79EFBC}") = "WindowsFormsApp_agv", "WindowsFormsApp_agv.csproj", "{F167F2A6-E6A8-41CF-8A92-47AAF665FAB2}"
EndProject
Global
	GlobalSection(SolutionConfigurationPlatforms) = preSolution
		Debug|Any CPU = Debug|Any CPU
		Release|Any CPU = Release|Any CPU
	EndGlobalSection
	GlobalSection(ProjectConfigurationPlatforms) = postSolution
		{F167F2A6-E6A8-41CF-8A92-47AAF665FAB2}.Debug|Any CPU.ActiveCfg = Debug|Any CPU
		{F167F2A6-E6A8-41CF-8A92-47AAF665FAB2}.Debug|Any CPU.Build.0 = Debug|Any CPU
		{F167F2A6-E6A8-41CF-8A92-47AAF665FAB2}.Release|Any CPU.ActiveCfg = Release|Any CPU
		{F167F2A6-E6A8-41CF-8A92-47AAF665FAB2}.Release|Any CPU.Build.0 = Release|Any CPU
	EndGlobalSection
	GlobalSection(SolutionProperties) = preSolution
		HideSolutionNode = FALSE
	EndGlobalSection
	GlobalSection(ExtensibilityGlobals) = postSolution
		SolutionGuid = {B48D294F-56BB-44BC-A59D-0B0179173B68}
	EndGlobalSection
EndGlobal
